
Microsoft Visual Studio Solution File, Format Version 12.00
# Visual Studio Version 17
VisualStudioVersion = 17.0.32014.148
MinimumVisualStudioVersion = 10.0.40219.1
Project("{FAE04EC0-301F-11D3-BF4B-00C04F79EFBC}") = "BizimMarket", "BizimMarket\BizimMarket.csproj", "{B8BFDA6E-BA59-4B3F-902F-61F693B42C96}"
EndProject
Global
	GlobalSection(SolutionConfigurationPlatforms) = preSolution
		Debug|Any CPU = Debug|Any CPU
		Release|Any CPU = Release|Any CPU
	EndGlobalSection
	GlobalSection(ProjectConfigurationPlatforms) = postSolution
		{B8BFDA6E-BA59-4B3F-902F-61F693B42C96}.Debug|Any CPU.ActiveCfg = Debug|Any CPU
		{B8BFDA6E-BA59-4B3F-902F-61F693B42C96}.Debug|Any CPU.Build.0 = Debug|Any CPU
		{B8BFDA6E-BA59-4B3F-902F-61F693B42C96}.Release|Any CPU.ActiveCfg = Release|Any CPU
		{B8BFDA6E-BA59-4B3F-902F-61F693B42C96}.Release|Any CPU.Build.0 = Release|Any CPU
	EndGlobalSection
	GlobalSection(SolutionProperties) = preSolution
		HideSolutionNode = FALSE
	EndGlobalSection
	GlobalSection(ExtensibilityGlobals) = postSolution
		SolutionGuid = {49BC6231-0A24-4849-8315-C9C46B229E3A}
	EndGlobalSection
EndGlobal
